// !$*UTF8*$!
{
	archiveVersion = 1;
	classes = {
	};
	objectVersion = 77;
	objects = {

/* Begin PBXContainerItemProxy section */
		5817EB592CC2AD3900F7183E /* PBXContainerItemProxy */ = {
			isa = PBXContainerItemProxy;
			containerPortal = 5817EB402CC2AD3800F7183E /* Project object */;
			proxyType = 1;
			remoteGlobalIDString = 5817EB472CC2AD3800F7183E;
			remoteInfo = "Patrick Today";
		};
		5817EB632CC2AD3900F7183E /* PBXContainerItemProxy */ = {
			isa = PBXContainerItemProxy;
			containerPortal = 5817EB402CC2AD3800F7183E /* Project object */;
			proxyType = 1;
			remoteGlobalIDString = 5817EB472CC2AD3800F7183E;
			remoteInfo = "Patrick Today";
		};
/* End PBXContainerItemProxy section */

/* Begin PBXFileReference section */
		5817EB482CC2AD3800F7183E /* Patrick Today.app */ = {isa = PBXFileReference; explicitFileType = wrapper.application; includeInIndex = 0; path = "Patrick Today.app"; sourceTree = BUILT_PRODUCTS_DIR; };
		5817EB582CC2AD3900F7183E /* Patrick TodayTests.xctest */ = {isa = PBXFileReference; explicitFileType = wrapper.cfbundle; includeInIndex = 0; path = "Patrick TodayTests.xctest"; sourceTree = BUILT_PRODUCTS_DIR; };
		5817EB622CC2AD3900F7183E /* Patrick TodayUITests.xctest */ = {isa = PBXFileReference; explicitFileType = wrapper.cfbundle; includeInIndex = 0; path = "Patrick TodayUITests.xctest"; sourceTree = BUILT_PRODUCTS_DIR; };
/* End PBXFileReference section */

/* Begin PBXFileSystemSynchronizedRootGroup section */
		5817EB4A2CC2AD3800F7183E /* Patrick Today */ = {
			isa = PBXFileSystemSynchronizedRootGroup;
			path = "Patrick Today";
			sourceTree = "<group>";
		};
		5817EB5B2CC2AD3900F7183E /* Patrick TodayTests */ = {
			isa = PBXFileSystemSynchronizedRootGroup;
			path = "Patrick TodayTests";
			sourceTree = "<group>";
		};
		5817EB652CC2AD3900F7183E /* Patrick TodayUITests */ = {
			isa = PBXFileSystemSynchronizedRootGroup;
			path = "Patrick TodayUITests";
			sourceTree = "<group>";
		};
/* End PBXFileSystemSynchronizedRootGroup section */

/* Begin PBXFrameworksBuildPhase section */
		5817EB452CC2AD3800F7183E /* Frameworks */ = {
			isa = PBXFrameworksBuildPhase;
			buildActionMask = 2147483647;
			files = (
			);
			runOnlyForDeploymentPostprocessing = 0;
		};
		5817EB552CC2AD3900F7183E /* Frameworks */ = {
			isa = PBXFrameworksBuildPhase;
			buildActionMask = 2147483647;
			files = (
			);
			runOnlyForDeploymentPostprocessing = 0;
		};
		5817EB5F2CC2AD3900F7183E /* Frameworks */ = {
			isa = PBXFrameworksBuildPhase;
			buildActionMask = 2147483647;
			files = (
			);
			runOnlyForDeploymentPostprocessing = 0;
		};
/* End PBXFrameworksBuildPhase section */

/* Begin PBXGroup section */
		5817EB3F2CC2AD3800F7183E = {
			isa = PBXGroup;
			children = (
				5817EB4A2CC2AD3800F7183E /* Patrick Today */,
				5817EB5B2CC2AD3900F7183E /* Patrick TodayTests */,
				5817EB652CC2AD3900F7183E /* Patrick TodayUITests */,
				5817EB492CC2AD3800F7183E /* Products */,
			);
			sourceTree = "<group>";
		};
		5817EB492CC2AD3800F7183E /* Products */ = {
			isa = PBXGroup;
			children = (
				5817EB482CC2AD3800F7183E /* Patrick Today.app */,
				5817EB582CC2AD3900F7183E /* Patrick TodayTests.xctest */,
				5817EB622CC2AD3900F7183E /* Patrick TodayUITests.xctest */,
			);
			name = Products;
			sourceTree = "<group>";
		};
/* End PBXGroup section */

/* Begin PBXNativeTarget section */
		5817EB472CC2AD3800F7183E /* Patrick Today */ = {
			isa = PBXNativeTarget;
			buildConfigurationList = 5817EB6C2CC2AD3900F7183E /* Build configuration list for PBXNativeTarget "Patrick Today" */;
			buildPhases = (
				5817EB442CC2AD3800F7183E /* Sources */,
				5817EB452CC2AD3800F7183E /* Frameworks */,
				5817EB462CC2AD3800F7183E /* Resources */,
			);
			buildRules = (
			);
			dependencies = (
			);
			fileSystemSynchronizedGroups = (
				5817EB4A2CC2AD3800F7183E /* Patrick Today */,
			);
			name = "Patrick Today";
			packageProductDependencies = (
			);
			productName = "Patrick Today";
			productReference = 5817EB482CC2AD3800F7183E /* Patrick Today.app */;
			productType = "com.apple.product-type.application";
		};
		5817EB572CC2AD3900F7183E /* Patrick TodayTests */ = {
			isa = PBXNativeTarget;
			buildConfigurationList = 5817EB6F2CC2AD3900F7183E /* Build configuration list for PBXNativeTarget "Patrick TodayTests" */;
			buildPhases = (
				5817EB542CC2AD3900F7183E /* Sources */,
				5817EB552CC2AD3900F7183E /* Frameworks */,
				5817EB562CC2AD3900F7183E /* Resources */,
			);
			buildRules = (
			);
			dependencies = (
				5817EB5A2CC2AD3900F7183E /* PBXTargetDependency */,
			);
			fileSystemSynchronizedGroups = (
				5817EB5B2CC2AD3900F7183E /* Patrick TodayTests */,
			);
			name = "Patrick TodayTests";
			packageProductDependencies = (
			);
			productName = "Patrick TodayTests";
			productReference = 5817EB582CC2AD3900F7183E /* Patrick TodayTests.xctest */;
			productType = "com.apple.product-type.bundle.unit-test";
		};
		5817EB612CC2AD3900F7183E /* Patrick TodayUITests */ = {
			isa = PBXNativeTarget;
			buildConfigurationList = 5817EB722CC2AD3900F7183E /* Build configuration list for PBXNativeTarget "Patrick TodayUITests" */;
			buildPhases = (
				5817EB5E2CC2AD3900F7183E /* Sources */,
				5817EB5F2CC2AD3900F7183E /* Frameworks */,
				5817EB602CC2AD3900F7183E /* Resources */,
			);
			buildRules = (
			);
			dependencies = (
				5817EB642CC2AD3900F7183E /* PBXTargetDependency */,
			);
			fileSystemSynchronizedGroups = (
				5817EB652CC2AD3900F7183E /* Patrick TodayUITests */,
			);
			name = "Patrick TodayUITests";
			packageProductDependencies = (
			);
			productName = "Patrick TodayUITests";
			productReference = 5817EB622CC2AD3900F7183E /* Patrick TodayUITests.xctest */;
			productType = "com.apple.product-type.bundle.ui-testing";
		};
/* End PBXNativeTarget section */

/* Begin PBXProject section */
		5817EB402CC2AD3800F7183E /* Project object */ = {
			isa = PBXProject;
			attributes = {
				BuildIndependentTargetsInParallel = 1;
				LastSwiftUpdateCheck = 1600;
				LastUpgradeCheck = 1600;
				TargetAttributes = {
					5817EB472CC2AD3800F7183E = {
						CreatedOnToolsVersion = 16.0;
					};
					5817EB572CC2AD3900F7183E = {
						CreatedOnToolsVersion = 16.0;
						TestTargetID = 5817EB472CC2AD3800F7183E;
					};
					5817EB612CC2AD3900F7183E = {
						CreatedOnToolsVersion = 16.0;
						TestTargetID = 5817EB472CC2AD3800F7183E;
					};
				};
			};
			buildConfigurationList = 5817EB432CC2AD3800F7183E /* Build configuration list for PBXProject "Patrick Today" */;
			developmentRegion = en;
			hasScannedForEncodings = 0;
			knownRegions = (
				en,
				Base,
			);
			mainGroup = 5817EB3F2CC2AD3800F7183E;
			minimizedProjectReferenceProxies = 1;
			preferredProjectObjectVersion = 77;
			productRefGroup = 5817EB492CC2AD3800F7183E /* Products */;
			projectDirPath = "";
			projectRoot = "";
			targets = (
				5817EB472CC2AD3800F7183E /* Patrick Today */,
				5817EB572CC2AD3900F7183E /* Patrick TodayTests */,
				5817EB612CC2AD3900F7183E /* Patrick TodayUITests */,
			);
		};
/* End PBXProject section */

/* Begin PBXResourcesBuildPhase section */
		5817EB462CC2AD3800F7183E /* Resources */ = {
			isa = PBXResourcesBuildPhase;
			buildActionMask = 2147483647;
			files = (
			);
			runOnlyForDeploymentPostprocessing = 0;
		};
		5817EB562CC2AD3900F7183E /* Resources */ = {
			isa = PBXResourcesBuildPhase;
			buildActionMask = 2147483647;
			files = (
			);
			runOnlyForDeploymentPostprocessing = 0;
		};
		5817EB602CC2AD3900F7183E /* Resources */ = {
			isa = PBXResourcesBuildPhase;
			buildActionMask = 2147483647;
			files = (
			);
			runOnlyForDeploymentPostprocessing = 0;
		};
/* End PBXResourcesBuildPhase section */

/* Begin PBXSourcesBuildPhase section */
		5817EB442CC2AD3800F7183E /* Sources */ = {
			isa = PBXSourcesBuildPhase;
			buildActionMask = 2147483647;
			files = (
			);
			runOnlyForDeploymentPostprocessing = 0;
		};
		5817EB542CC2AD3900F7183E /* Sources */ = {
			isa = PBXSourcesBuildPhase;
			buildActionMask = 2147483647;
			files = (
			);
			runOnlyForDeploymentPostprocessing = 0;
		};
		5817EB5E2CC2AD3900F7183E /* Sources */ = {
			isa = PBXSourcesBuildPhase;
			buildActionMask = 2147483647;
			files = (
			);
			runOnlyForDeploymentPostprocessing = 0;
		};
/* End PBXSourcesBuildPhase section */

/* Begin PBXTargetDependency section */
		5817EB5A2CC2AD3900F7183E /* PBXTargetDependency */ = {
			isa = PBXTargetDependency;
			target = 5817EB472CC2AD3800F7183E /* Patrick Today */;
			targetProxy = 5817EB592CC2AD3900F7183E /* PBXContainerItemProxy */;
		};
		5817EB642CC2AD3900F7183E /* PBXTargetDependency */ = {
			isa = PBXTargetDependency;
			target = 5817EB472CC2AD3800F7183E /* Patrick Today */;
			targetProxy = 5817EB632CC2AD3900F7183E /* PBXContainerItemProxy */;
		};
/* End PBXTargetDependency section */

/* Begin XCBuildConfiguration section */
		5817EB6A2CC2AD3900F7183E /* Debug */ = {
			isa = XCBuildConfiguration;
			buildSettings = {
				ALWAYS_SEARCH_USER_PATHS = NO;
				ASSETCATALOG_COMPILER_GENERATE_SWIFT_ASSET_SYMBOL_EXTENSIONS = YES;
				CLANG_ANALYZER_NONNULL = YES;
				CLANG_ANALYZER_NUMBER_OBJECT_CONVERSION = YES_AGGRESSIVE;
				CLANG_CXX_LANGUAGE_STANDARD = "gnu++20";
				CLANG_ENABLE_MODULES = YES;
				CLANG_ENABLE_OBJC_ARC = YES;
				CLANG_ENABLE_OBJC_WEAK = YES;
				CLANG_WARN_BLOCK_CAPTURE_AUTORELEASING = YES;
				CLANG_WARN_BOOL_CONVERSION = YES;
				CLANG_WARN_COMMA = YES;
				CLANG_WARN_CONSTANT_CONVERSION = YES;
				CLANG_WARN_DEPRECATED_OBJC_IMPLEMENTATIONS = YES;
				CLANG_WARN_DIRECT_OBJC_ISA_USAGE = YES_ERROR;
				CLANG_WARN_DOCUMENTATION_COMMENTS = YES;
				CLANG_WARN_EMPTY_BODY = YES;
				CLANG_WARN_ENUM_CONVERSION = YES;
				CLANG_WARN_INFINITE_RECURSION = YES;
				CLANG_WARN_INT_CONVERSION = YES;
				CLANG_WARN_NON_LITERAL_NULL_CONVERSION = YES;
				CLANG_WARN_OBJC_IMPLICIT_RETAIN_SELF = YES;
				CLANG_WARN_OBJC_LITERAL_CONVERSION = YES;
				CLANG_WARN_OBJC_ROOT_CLASS = YES_ERROR;
				CLANG_WARN_QUOTED_INCLUDE_IN_FRAMEWORK_HEADER = YES;
				CLANG_WARN_RANGE_LOOP_ANALYSIS = YES;
				CLANG_WARN_STRICT_PROTOTYPES = YES;
				CLANG_WARN_SUSPICIOUS_MOVE = YES;
				CLANG_WARN_UNGUARDED_AVAILABILITY = YES_AGGRESSIVE;
				CLANG_WARN_UNREACHABLE_CODE = YES;
				CLANG_WARN__DUPLICATE_METHOD_MATCH = YES;
				COPY_PHASE_STRIP = NO;
				DEBUG_INFORMATION_FORMAT = dwarf;
				ENABLE_STRICT_OBJC_MSGSEND = YES;
				ENABLE_TESTABILITY = YES;
				ENABLE_USER_SCRIPT_SANDBOXING = YES;
				GCC_C_LANGUAGE_STANDARD = gnu17;
				GCC_DYNAMIC_NO_PIC = NO;
				GCC_NO_COMMON_BLOCKS = YES;
				GCC_OPTIMIZATION_LEVEL = 0;
				GCC_PREPROCESSOR_DEFINITIONS = (
					"DEBUG=1",
					"$(inherited)",
				);
				GCC_WARN_64_TO_32_BIT_CONVERSION = YES;
				GCC_WARN_ABOUT_RETURN_TYPE = YES_ERROR;
				GCC_WARN_UNDECLARED_SELECTOR = YES;
				GCC_WARN_UNINITIALIZED_AUTOS = YES_AGGRESSIVE;
				GCC_WARN_UNUSED_FUNCTION = YES;
				GCC_WARN_UNUSED_VARIABLE = YES;
				IPHONEOS_DEPLOYMENT_TARGET = 18.0;
				LOCALIZATION_PREFERS_STRING_CATALOGS = YES;
				MTL_ENABLE_DEBUG_INFO = INCLUDE_SOURCE;
				MTL_FAST_MATH = YES;
				ONLY_ACTIVE_ARCH = YES;
				SDKROOT = iphoneos;
				SWIFT_ACTIVE_COMPILATION_CONDITIONS = "DEBUG $(inherited)";
				SWIFT_OPTIMIZATION_LEVEL = "-Onone";
			};
			name = Debug;
		};
		5817EB6B2CC2AD3900F7183E /* Release */ = {
			isa = XCBuildConfiguration;
			buildSettings = {
				ALWAYS_SEARCH_USER_PATHS = NO;
				ASSETCATALOG_COMPILER_GENERATE_SWIFT_ASSET_SYMBOL_EXTENSIONS = YES;
				CLANG_ANALYZER_NONNULL = YES;
				CLANG_ANALYZER_NUMBER_OBJECT_CONVERSION = YES_AGGRESSIVE;
				CLANG_CXX_LANGUAGE_STANDARD = "gnu++20";
				CLANG_ENABLE_MODULES = YES;
				CLANG_ENABLE_OBJC_ARC = YES;
				CLANG_ENABLE_OBJC_WEAK = YES;
				CLANG_WARN_BLOCK_CAPTURE_AUTORELEASING = YES;
				CLANG_WARN_BOOL_CONVERSION = YES;
				CLANG_WARN_COMMA = YES;
				CLANG_WARN_CONSTANT_CONVERSION = YES;
				CLANG_WARN_DEPRECATED_OBJC_IMPLEMENTATIONS = YES;
				CLANG_WARN_DIRECT_OBJC_ISA_USAGE = YES_ERROR;
				CLANG_WARN_DOCUMENTATION_COMMENTS = YES;
				CLANG_WARN_EMPTY_BODY = YES;
				CLANG_WARN_ENUM_CONVERSION = YES;
				CLANG_WARN_INFINITE_RECURSION = YES;
				CLANG_WARN_INT_CONVERSION = YES;
				CLANG_WARN_NON_LITERAL_NULL_CONVERSION = YES;
				CLANG_WARN_OBJC_IMPLICIT_RETAIN_SELF = YES;
				CLANG_WARN_OBJC_LITERAL_CONVERSION = YES;
				CLANG_WARN_OBJC_ROOT_CLASS = YES_ERROR;
				CLANG_WARN_QUOTED_INCLUDE_IN_FRAMEWORK_HEADER = YES;
				CLANG_WARN_RANGE_LOOP_ANALYSIS = YES;
				CLANG_WARN_STRICT_PROTOTYPES = YES;
				CLANG_WARN_SUSPICIOUS_MOVE = YES;
				CLANG_WARN_UNGUARDED_AVAILABILITY = YES_AGGRESSIVE;
				CLANG_WARN_UNREACHABLE_CODE = YES;
				CLANG_WARN__DUPLICATE_METHOD_MATCH = YES;
				COPY_PHASE_STRIP = NO;
				DEBUG_INFORMATION_FORMAT = "dwarf-with-dsym";
				ENABLE_NS_ASSERTIONS = NO;
				ENABLE_STRICT_OBJC_MSGSEND = YES;
				ENABLE_USER_SCRIPT_SANDBOXING = YES;
				GCC_C_LANGUAGE_STANDARD = gnu17;
				GCC_NO_COMMON_BLOCKS = YES;
				GCC_WARN_64_TO_32_BIT_CONVERSION = YES;
				GCC_WARN_ABOUT_RETURN_TYPE = YES_ERROR;
				GCC_WARN_UNDECLARED_SELECTOR = YES;
				GCC_WARN_UNINITIALIZED_AUTOS = YES_AGGRESSIVE;
				GCC_WARN_UNUSED_FUNCTION = YES;
				GCC_WARN_UNUSED_VARIABLE = YES;
				IPHONEOS_DEPLOYMENT_TARGET = 18.0;
				LOCALIZATION_PREFERS_STRING_CATALOGS = YES;
				MTL_ENABLE_DEBUG_INFO = NO;
				MTL_FAST_MATH = YES;
				SDKROOT = iphoneos;
				SWIFT_COMPILATION_MODE = wholemodule;
				VALIDATE_PRODUCT = YES;
			};
			name = Release;
		};
		5817EB6D2CC2AD3900F7183E /* Debug */ = {
			isa = XCBuildConfiguration;
			buildSettings = {
				ASSETCATALOG_COMPILER_APPICON_NAME = AppIcon;
				ASSETCATALOG_COMPILER_GLOBAL_ACCENT_COLOR_NAME = AccentColor;
				CODE_SIGN_STYLE = Automatic;
				CURRENT_PROJECT_VERSION = 1;
				DEVELOPMENT_ASSET_PATHS = "\"Patrick Today/Preview Content\"";
				DEVELOPMENT_TEAM = 248A7BE54Q;
				ENABLE_PREVIEWS = YES;
				GENERATE_INFOPLIST_FILE = YES;
				INFOPLIST_KEY_UIApplicationSceneManifest_Generation = YES;
				INFOPLIST_KEY_UIApplicationSupportsIndirectInputEvents = YES;
				INFOPLIST_KEY_UILaunchScreen_Generation = YES;
				INFOPLIST_KEY_UISupportedInterfaceOrientations_iPad = "UIInterfaceOrientationPortrait UIInterfaceOrientationPortraitUpsideDown UIInterfaceOrientationLandscapeLeft UIInterfaceOrientationLandscapeRight";
				INFOPLIST_KEY_UISupportedInterfaceOrientations_iPhone = "UIInterfaceOrientationPortrait UIInterfaceOrientationLandscapeLeft UIInterfaceOrientationLandscapeRight";
				LD_RUNPATH_SEARCH_PATHS = (
					"$(inherited)",
					"@executable_path/Frameworks",
				);
				MARKETING_VERSION = 1.0;
				PRODUCT_BUNDLE_IDENTIFIER = "de.oconnell-connect.Patrick-Today";
				PRODUCT_NAME = "$(TARGET_NAME)";
				SWIFT_EMIT_LOC_STRINGS = YES;
				SWIFT_VERSION = 5.0;
				TARGETED_DEVICE_FAMILY = "1,2";
			};
			name = Debug;
		};
		5817EB6E2CC2AD3900F7183E /* Release */ = {
			isa = XCBuildConfiguration;
			buildSettings = {
				ASSETCATALOG_COMPILER_APPICON_NAME = AppIcon;
				ASSETCATALOG_COMPILER_GLOBAL_ACCENT_COLOR_NAME = AccentColor;
				CODE_SIGN_STYLE = Automatic;
				CURRENT_PROJECT_VERSION = 1;
				DEVELOPMENT_ASSET_PATHS = "\"Patrick Today/Preview Content\"";
				DEVELOPMENT_TEAM = 248A7BE54Q;
				ENABLE_PREVIEWS = YES;
				GENERATE_INFOPLIST_FILE = YES;
				INFOPLIST_KEY_UIApplicationSceneManifest_Generation = YES;
				INFOPLIST_KEY_UIApplicationSupportsIndirectInputEvents = YES;
				INFOPLIST_KEY_UILaunchScreen_Generation = YES;
				INFOPLIST_KEY_UISupportedInterfaceOrientations_iPad = "UIInterfaceOrientationPortrait UIInterfaceOrientationPortraitUpsideDown UIInterfaceOrientationLandscapeLeft UIInterfaceOrientationLandscapeRight";
				INFOPLIST_KEY_UISupportedInterfaceOrientations_iPhone = "UIInterfaceOrientationPortrait UIInterfaceOrientationLandscapeLeft UIInterfaceOrientationLandscapeRight";
				LD_RUNPATH_SEARCH_PATHS = (
					"$(inherited)",
					"@executable_path/Frameworks",
				);
				MARKETING_VERSION = 1.0;
				PRODUCT_BUNDLE_IDENTIFIER = "de.oconnell-connect.Patrick-Today";
				PRODUCT_NAME = "$(TARGET_NAME)";
				SWIFT_EMIT_LOC_STRINGS = YES;
				SWIFT_VERSION = 5.0;
				TARGETED_DEVICE_FAMILY = "1,2";
			};
			name = Release;
		};
		5817EB702CC2AD3900F7183E /* Debug */ = {
			isa = XCBuildConfiguration;
			buildSettings = {
				BUNDLE_LOADER = "$(TEST_HOST)";
				CODE_SIGN_STYLE = Automatic;
				CURRENT_PROJECT_VERSION = 1;
				DEVELOPMENT_TEAM = 248A7BE54Q;
				GENERATE_INFOPLIST_FILE = YES;
				IPHONEOS_DEPLOYMENT_TARGET = 18.0;
				MARKETING_VERSION = 1.0;
				PRODUCT_BUNDLE_IDENTIFIER = "de.oconnell-connect.Patrick-TodayTests";
				PRODUCT_NAME = "$(TARGET_NAME)";
				SWIFT_EMIT_LOC_STRINGS = NO;
				SWIFT_VERSION = 5.0;
				TARGETED_DEVICE_FAMILY = "1,2";
				TEST_HOST = "$(BUILT_PRODUCTS_DIR)/Patrick Today.app/$(BUNDLE_EXECUTABLE_FOLDER_PATH)/Patrick Today";
			};
			name = Debug;
		};
		5817EB712CC2AD3900F7183E /* Release */ = {
			isa = XCBuildConfiguration;
			buildSettings = {
				BUNDLE_LOADER = "$(TEST_HOST)";
				CODE_SIGN_STYLE = Automatic;
				CURRENT_PROJECT_VERSION = 1;
				DEVELOPMENT_TEAM = 248A7BE54Q;
				GENERATE_INFOPLIST_FILE = YES;
				IPHONEOS_DEPLOYMENT_TARGET = 18.0;
				MARKETING_VERSION = 1.0;
				PRODUCT_BUNDLE_IDENTIFIER = "de.oconnell-connect.Patrick-TodayTests";
				PRODUCT_NAME = "$(TARGET_NAME)";
				SWIFT_EMIT_LOC_STRINGS = NO;
				SWIFT_VERSION = 5.0;
				TARGETED_DEVICE_FAMILY = "1,2";
				TEST_HOST = "$(BUILT_PRODUCTS_DIR)/Patrick Today.app/$(BUNDLE_EXECUTABLE_FOLDER_PATH)/Patrick Today";
			};
			name = Release;
		};
		5817EB732CC2AD3900F7183E /* Debug */ = {
			isa = XCBuildConfiguration;
			buildSettings = {
				CODE_SIGN_STYLE = Automatic;
				CURRENT_PROJECT_VERSION = 1;
				DEVELOPMENT_TEAM = 248A7BE54Q;
				GENERATE_INFOPLIST_FILE = YES;
				MARKETING_VERSION = 1.0;
				PRODUCT_BUNDLE_IDENTIFIER = "de.oconnell-connect.Patrick-TodayUITests";
				PRODUCT_NAME = "$(TARGET_NAME)";
				SWIFT_EMIT_LOC_STRINGS = NO;
				SWIFT_VERSION = 5.0;
				TARGETED_DEVICE_FAMILY = "1,2";
				TEST_TARGET_NAME = "Patrick Today";
			};
			name = Debug;
		};
		5817EB742CC2AD3900F7183E /* Release */ = {
			isa = XCBuildConfiguration;
			buildSettings = {
				CODE_SIGN_STYLE = Automatic;
				CURRENT_PROJECT_VERSION = 1;
				DEVELOPMENT_TEAM = 248A7BE54Q;
				GENERATE_INFOPLIST_FILE = YES;
				MARKETING_VERSION = 1.0;
				PRODUCT_BUNDLE_IDENTIFIER = "de.oconnell-connect.Patrick-TodayUITests";
				PRODUCT_NAME = "$(TARGET_NAME)";
				SWIFT_EMIT_LOC_STRINGS = NO;
				SWIFT_VERSION = 5.0;
				TARGETED_DEVICE_FAMILY = "1,2";
				TEST_TARGET_NAME = "Patrick Today";
			};
			name = Release;
		};
/* End XCBuildConfiguration section */

/* Begin XCConfigurationList section */
		5817EB432CC2AD3800F7183E /* Build configuration list for PBXProject "Patrick Today" */ = {
			isa = XCConfigurationList;
			buildConfigurations = (
				5817EB6A2CC2AD3900F7183E /* Debug */,
				5817EB6B2CC2AD3900F7183E /* Release */,
			);
			defaultConfigurationIsVisible = 0;
			defaultConfigurationName = Release;
		};
		5817EB6C2CC2AD3900F7183E /* Build configuration list for PBXNativeTarget "Patrick Today" */ = {
			isa = XCConfigurationList;
			buildConfigurations = (
				5817EB6D2CC2AD3900F7183E /* Debug */,
				5817EB6E2CC2AD3900F7183E /* Release */,
			);
			defaultConfigurationIsVisible = 0;
			defaultConfigurationName = Release;
		};
		5817EB6F2CC2AD3900F7183E /* Build configuration list for PBXNativeTarget "Patrick TodayTests" */ = {
			isa = XCConfigurationList;
			buildConfigurations = (
				5817EB702CC2AD3900F7183E /* Debug */,
				5817EB712CC2AD3900F7183E /* Release */,
			);
			defaultConfigurationIsVisible = 0;
			defaultConfigurationName = Release;
		};
		5817EB722CC2AD3900F7183E /* Build configuration list for PBXNativeTarget "Patrick TodayUITests" */ = {
			isa = XCConfigurationList;
			buildConfigurations = (
				5817EB732CC2AD3900F7183E /* Debug */,
				5817EB742CC2AD3900F7183E /* Release */,
			);
			defaultConfigurationIsVisible = 0;
			defaultConfigurationName = Release;
		};
/* End XCConfigurationList section */
	};
	rootObject = 5817EB402CC2AD3800F7183E /* Project object */;
}
